{
  "object": {
    "pins": [
      {
        "package": "Splash",
        "repositoryURL": "https://github.com/JohnSundell/Splash",
        "state": {
          "branch": null,
          "revision": "ca9a1b7bff35381fe5ae9fe2ec9333cc5f2a586c",
          "version": "0.13.0"
        }
      },
      {
        "package": "swift-argument-parser",
        "repositoryURL": "https://github.com/apple/swift-argument-parser",
        "state": {
          "branch": null,
          "revision": "9f04d1ff1afbccd02279338a2c91e5f27c45e93a",
          "version": "0.0.5"
        }
      }
    ]
  },
  "version": 1
}
