{
  "object": {
    "pins": [
      {
        "package": "Splash",
        "repositoryURL": "https://github.com/JohnSundell/Splash",
        "state": {
          "branch": null,
          "revision": "81de0389558ad40579027735841593b21a511fa8",
          "version": "0.15.0"
        }
      },
      {
        "package": "swift-argument-parser",
        "repositoryURL": "https://github.com/apple/swift-argument-parser",
        "state": {
          "branch": null,
          "revision": "69ddee8c323ed468539e3b05e8c01e3d5a37bf6a",
          "version": "0.4.0"
        }
      },
      {
        "package": "SwiftSoup",
        "repositoryURL": "https://github.com/scinfu/SwiftSoup.git",
        "state": {
          "branch": null,
          "revision": "774dc9c7213085db8aa59595e27c1cd22e428904",
          "version": "2.3.2"
        }
      }
    ]
  },
  "version": 1
}
