{
  "object": {
    "pins": [
      {
        "package": "Splash",
        "repositoryURL": "https://github.com/JohnSundell/Splash",
        "state": {
          "branch": null,
          "revision": "81de0389558ad40579027735841593b21a511fa8",
          "version": "0.15.0"
        }
      },
      {
        "package": "swift-argument-parser",
        "repositoryURL": "https://github.com/apple/swift-argument-parser",
        "state": {
          "branch": null,
          "revision": "9564d61b08a5335ae0a36f789a7d71493eacadfc",
          "version": "0.3.2"
        }
      },
      {
        "package": "SwiftSoup",
        "repositoryURL": "https://github.com/scinfu/SwiftSoup.git",
        "state": {
          "branch": null,
          "revision": "11da8c685ddde2d519fad04a7daf8485bbbc773e",
          "version": "1.7.5"
        }
      }
    ]
  },
  "version": 1
}
